
Microsoft Visual Studio Solution File, Format Version 12.00
# Visual Studio Version 17
VisualStudioVersion = 17.14.37216.2 d17.14
MinimumVisualStudioVersion = 10.0.40219.1
Project("{FAE04EC0-301F-11D3-BF4B-00C04F79EFBC}") = "BlazorAppDemo2022", "BlazorAppDemo2022\BlazorAppDemo2022.csproj", "{8BF8F0B1-6C21-4AC5-B307-A62700F0DF20}"
EndProject
Global
	GlobalSection(SolutionConfigurationPlatforms) = preSolution
		Debug|Any CPU = Debug|Any CPU
		Release|Any CPU = Release|Any CPU
	EndGlobalSection
	GlobalSection(ProjectConfigurationPlatforms) = postSolution
		{8BF8F0B1-6C21-4AC5-B307-A62700F0DF20}.Debug|Any CPU.ActiveCfg = Debug|Any CPU
		{8BF8F0B1-6C21-4AC5-B307-A62700F0DF20}.Debug|Any CPU.Build.0 = Debug|Any CPU
		{8BF8F0B1-6C21-4AC5-B307-A62700F0DF20}.Release|Any CPU.ActiveCfg = Release|Any CPU
		{8BF8F0B1-6C21-4AC5-B307-A62700F0DF20}.Release|Any CPU.Build.0 = Release|Any CPU
	EndGlobalSection
	GlobalSection(SolutionProperties) = preSolution
		HideSolutionNode = FALSE
	EndGlobalSection
	GlobalSection(ExtensibilityGlobals) = postSolution
		SolutionGuid = {95CC9CE3-FAE4-47F8-A657-C41B9213B230}
	EndGlobalSection
EndGlobal
